
Microsoft Visual Studio Solution File, Format Version 12.00
# Visual Studio Version 17
VisualStudioVersion = 17.13.35919.96 d17.13
MinimumVisualStudioVersion = 10.0.40219.1
Project("{FAE04EC0-301F-11D3-BF4B-00C04F79EFBC}") = "web-api", "web-api.csproj", "{471619BE-B075-48B3-B64C-3134727AE53F}"
EndProject
Global
	GlobalSection(SolutionConfigurationPlatforms) = preSolution
		Debug|Any CPU = Debug|Any CPU
		Release|Any CPU = Release|Any CPU
	EndGlobalSection
	GlobalSection(ProjectConfigurationPlatforms) = postSolution
		{471619BE-B075-48B3-B64C-3134727AE53F}.Debug|Any CPU.ActiveCfg = Debug|Any CPU
		{471619BE-B075-48B3-B64C-3134727AE53F}.Debug|Any CPU.Build.0 = Debug|Any CPU
		{471619BE-B075-48B3-B64C-3134727AE53F}.Release|Any CPU.ActiveCfg = Release|Any CPU
		{471619BE-B075-48B3-B64C-3134727AE53F}.Release|Any CPU.Build.0 = Release|Any CPU
	EndGlobalSection
	GlobalSection(SolutionProperties) = preSolution
		HideSolutionNode = FALSE
	EndGlobalSection
	GlobalSection(ExtensibilityGlobals) = postSolution
		SolutionGuid = {B0FDBAB8-212F-4ADF-9D0A-81E226950391}
	EndGlobalSection
EndGlobal
